
Microsoft Visual Studio Solution File, Format Version 12.00
# Visual Studio 14
VisualStudioVersion = 14.0.25420.1
MinimumVisualStudioVersion = 10.0.40219.1
Project("{FAE04EC0-301F-11D3-BF4B-00C04F79EFBC}") = "VTX.Base", "DynamicModules\VTX.Base.csproj", "{EFDBFC84-CFA2-4AB2-A94F-9A3CC58E091F}"
	ProjectSection(ProjectDependencies) = postProject
		{36B72692-ED5B-4DA8-98E7-795CAE23F342} = {36B72692-ED5B-4DA8-98E7-795CAE23F342}
	EndProjectSection
EndProject
Project("{FAE04EC0-301F-11D3-BF4B-00C04F79EFBC}") = "VTX.Core", "DM.Core\VTX.Core.csproj", "{085A3767-0F46-4923-8EB5-596CE276FC47}"
EndProject
Project("{FAE04EC0-301F-11D3-BF4B-00C04F79EFBC}") = "VTX.ModuleOne", "DM.ModuleOne\VTX.ModuleOne.csproj", "{36B72692-ED5B-4DA8-98E7-795CAE23F342}"
EndProject
Project("{2150E333-8FDC-42A3-9474-1A3956D46DE8}") = "Modules", "Modules", "{B4821B4E-FD33-4426-94BD-41CA302FB6DF}"
EndProject
Global
	GlobalSection(SolutionConfigurationPlatforms) = preSolution
		Debug|Any CPU = Debug|Any CPU
		Release|Any CPU = Release|Any CPU
	EndGlobalSection
	GlobalSection(ProjectConfigurationPlatforms) = postSolution
		{EFDBFC84-CFA2-4AB2-A94F-9A3CC58E091F}.Debug|Any CPU.ActiveCfg = Debug|Any CPU
		{EFDBFC84-CFA2-4AB2-A94F-9A3CC58E091F}.Debug|Any CPU.Build.0 = Debug|Any CPU
		{EFDBFC84-CFA2-4AB2-A94F-9A3CC58E091F}.Release|Any CPU.ActiveCfg = Release|Any CPU
		{EFDBFC84-CFA2-4AB2-A94F-9A3CC58E091F}.Release|Any CPU.Build.0 = Release|Any CPU
		{085A3767-0F46-4923-8EB5-596CE276FC47}.Debug|Any CPU.ActiveCfg = Debug|Any CPU
		{085A3767-0F46-4923-8EB5-596CE276FC47}.Debug|Any CPU.Build.0 = Debug|Any CPU
		{085A3767-0F46-4923-8EB5-596CE276FC47}.Release|Any CPU.ActiveCfg = Release|Any CPU
		{085A3767-0F46-4923-8EB5-596CE276FC47}.Release|Any CPU.Build.0 = Release|Any CPU
		{36B72692-ED5B-4DA8-98E7-795CAE23F342}.Debug|Any CPU.ActiveCfg = Debug|Any CPU
		{36B72692-ED5B-4DA8-98E7-795CAE23F342}.Debug|Any CPU.Build.0 = Debug|Any CPU
		{36B72692-ED5B-4DA8-98E7-795CAE23F342}.Release|Any CPU.ActiveCfg = Release|Any CPU
		{36B72692-ED5B-4DA8-98E7-795CAE23F342}.Release|Any CPU.Build.0 = Release|Any CPU
	EndGlobalSection
	GlobalSection(SolutionProperties) = preSolution
		HideSolutionNode = FALSE
	EndGlobalSection
	GlobalSection(NestedProjects) = preSolution
		{36B72692-ED5B-4DA8-98E7-795CAE23F342} = {B4821B4E-FD33-4426-94BD-41CA302FB6DF}
	EndGlobalSection
EndGlobal
